
Microsoft Visual Studio Solution File, Format Version 11.00
# Visual Studio 2010
Project("{FAE04EC0-301F-11D3-BF4B-00C04F79EFBC}") = "DanceProject", "DanceProject\DanceProject.csproj", "{6E9AE3C8-8353-4EE0-B378-012C4F76B7D3}"
EndProject
Project("{FAE04EC0-301F-11D3-BF4B-00C04F79EFBC}") = "WebService1", "WebService1\WebService1.csproj", "{9F38F6D9-05DF-4064-A488-DAAA2C05E6B0}"
EndProject
Global
	GlobalSection(SolutionConfigurationPlatforms) = preSolution
		Debug|Any CPU = Debug|Any CPU
		Release|Any CPU = Release|Any CPU
	EndGlobalSection
	GlobalSection(ProjectConfigurationPlatforms) = postSolution
		{6E9AE3C8-8353-4EE0-B378-012C4F76B7D3}.Debug|Any CPU.ActiveCfg = Debug|Any CPU
		{6E9AE3C8-8353-4EE0-B378-012C4F76B7D3}.Debug|Any CPU.Build.0 = Debug|Any CPU
		{6E9AE3C8-8353-4EE0-B378-012C4F76B7D3}.Release|Any CPU.ActiveCfg = Release|Any CPU
		{6E9AE3C8-8353-4EE0-B378-012C4F76B7D3}.Release|Any CPU.Build.0 = Release|Any CPU
		{9F38F6D9-05DF-4064-A488-DAAA2C05E6B0}.Debug|Any CPU.ActiveCfg = Debug|Any CPU
		{9F38F6D9-05DF-4064-A488-DAAA2C05E6B0}.Debug|Any CPU.Build.0 = Debug|Any CPU
		{9F38F6D9-05DF-4064-A488-DAAA2C05E6B0}.Release|Any CPU.ActiveCfg = Release|Any CPU
		{9F38F6D9-05DF-4064-A488-DAAA2C05E6B0}.Release|Any CPU.Build.0 = Release|Any CPU
	EndGlobalSection
	GlobalSection(SolutionProperties) = preSolution
		HideSolutionNode = FALSE
	EndGlobalSection
EndGlobal
